{
  "name": "dab.bot",
  "version": "1.0.0",
  "lockfileVersion": 1,
  "requires": true,
  "dependencies": {
    "@types/node": {
      "version": "9.6.35",
      "resolved": "https://registry.npmjs.org/@types/node/-/node-9.6.35.tgz",
      "integrity": "sha512-h5zvHS8wXHGa+Gcqs9K8vqCgOtqjr0+NqG/DDJmQIX1wpR9HivAfgV8bjcD3mGM4bPfQw5Aneb2Pn8355L83jA=="
    },
    "async-limiter": {
      "version": "1.0.0",
      "resolved": "https://registry.npmjs.org/async-limiter/-/async-limiter-1.0.0.tgz",
      "integrity": "sha512-jp/uFnooOiO+L211eZOoSyzpOITMXx1rBITauYykG3BRYPu8h0UcxsPNB04RR5vo4Tyz3+ay17tR6JVf9qzYWg=="
    },
    "buffer-from": {
      "version": "1.1.1",
      "resolved": "https://registry.npmjs.org/buffer-from/-/buffer-from-1.1.1.tgz",
      "integrity": "sha512-MQcXEUbCKtEo7bhqEs6560Hyd4XaovZlO/k9V3hjVUF/zwW7KBVdSK4gIt/bzwS9MbR5qob+F5jusZsb0YQK2A=="
    },
    "discord.js": {
      "version": "11.4.2",
      "resolved": "https://registry.npmjs.org/discord.js/-/discord.js-11.4.2.tgz",
      "integrity": "sha512-MDwpu0lMFTjqomijDl1Ed9miMQe6kB4ifKdP28QZllmLv/HVOJXhatRgjS8urp/wBlOfx+qAYSXcdI5cKGYsfg==",
      "requires": {
        "long": "4.0.0",
        "prism-media": "0.0.3",
        "snekfetch": "3.6.4",
        "tweetnacl": "1.0.0",
        "ws": "4.1.0"
      }
    },
    "eventemitter3": {
      "version": "2.0.3",
      "resolved": "https://registry.npmjs.org/eventemitter3/-/eventemitter3-2.0.3.tgz",
      "integrity": "sha1-teEHm1n7XhuidxwKmTvgYKWMmbo="
    },
    "iconv-lite": {
      "version": "0.4.19",
      "resolved": "https://registry.npmjs.org/iconv-lite/-/iconv-lite-0.4.19.tgz",
      "integrity": "sha512-oTZqweIP51xaGPI4uPa56/Pri/480R+mo7SeU+YETByQNhDG55ycFyNLIgta9vXhILrxXDmF7ZGhqZIcuN0gJQ=="
    },
    "ipaddr.js": {
      "version": "0.1.3",
      "resolved": "https://registry.npmjs.org/ipaddr.js/-/ipaddr.js-0.1.3.tgz",
      "integrity": "sha1-J6nKN/FI0hArDvGRzL8sUajwJcY="
    },
    "irc-framework": {
      "version": "2.11.0",
      "resolved": "https://registry.npmjs.org/irc-framework/-/irc-framework-2.11.0.tgz",
      "integrity": "sha512-g159oHULrrhXYkRMY+KIY5eQG7gPa14Xhmvk4zunoc0mAkIlcswGhO6Te+zYtf0IbUUP3aWZWtXaNZpJNL8+tQ==",
      "requires": {
        "eventemitter3": "2.0.3",
        "iconv-lite": "0.4.19",
        "lodash": "4.17.5",
        "middleware-handler": "0.2.0",
        "socksjs": "0.5.0"
      }
    },
    "lodash": {
      "version": "4.17.5",
      "resolved": "https://registry.npmjs.org/lodash/-/lodash-4.17.5.tgz",
      "integrity": "sha512-svL3uiZf1RwhH+cWrfZn3A4+U58wbP0tGVTLQPbjplZxZ8ROD9VLuNgsRniTlLe7OlSqR79RUehXgpBW/s0IQw=="
    },
    "long": {
      "version": "4.0.0",
      "resolved": "https://registry.npmjs.org/long/-/long-4.0.0.tgz",
      "integrity": "sha512-XsP+KhQif4bjX1kbuSiySJFNAehNxgLb6hPRGJ9QsUr8ajHkuXGdrHmFUTUUXhDwVX2R5bY4JNZEwbUiMhV+MA=="
    },
    "middleware-handler": {
      "version": "0.2.0",
      "resolved": "https://registry.npmjs.org/middleware-handler/-/middleware-handler-0.2.0.tgz",
      "integrity": "sha1-vwKvfmtXfAIwYJsq5Y3w5Ebz/QI="
    },
    "ms": {
      "version": "2.1.1",
      "resolved": "https://registry.npmjs.org/ms/-/ms-2.1.1.tgz",
      "integrity": "sha512-tgp+dl5cGk28utYktBsrFqA7HKgrhgPsg6Z/EfhWI4gl1Hwq8B/GmY/0oXZ6nF8hDVesS/FpnYaD/kOWhYQvyg=="
    },
    "node-fetch": {
      "version": "2.2.0",
      "resolved": "https://registry.npmjs.org/node-fetch/-/node-fetch-2.2.0.tgz",
      "integrity": "sha512-OayFWziIxiHY8bCUyLX6sTpDH8Jsbp4FfYd1j1f7vZyfgkcOnAyM4oQR16f8a0s7Gl/viMGRey8eScYk4V4EZA=="
    },
    "prism-media": {
      "version": "0.0.3",
      "resolved": "https://registry.npmjs.org/prism-media/-/prism-media-0.0.3.tgz",
      "integrity": "sha512-c9KkNifSMU/iXT8FFTaBwBMr+rdVcN+H/uNv1o+CuFeTThNZNTOrQ+RgXA1yL/DeLk098duAeRPP3QNPNbhxYQ=="
    },
    "safe-buffer": {
      "version": "5.1.2",
      "resolved": "https://registry.npmjs.org/safe-buffer/-/safe-buffer-5.1.2.tgz",
      "integrity": "sha512-Gd2UZBJDkXlY7GbJxfsE8/nvKkUEU1G38c1siN6QP6a9PT9MmHB8GnpscSmMJSoF8LOIrt8ud/wPtojys4G6+g=="
    },
    "sandwich-stream": {
      "version": "1.0.0",
      "resolved": "https://registry.npmjs.org/sandwich-stream/-/sandwich-stream-1.0.0.tgz",
      "integrity": "sha1-eDDkV5e1kzKH8fmyj4cZB0ViYvI="
    },
    "snekfetch": {
      "version": "3.6.4",
      "resolved": "https://registry.npmjs.org/snekfetch/-/snekfetch-3.6.4.tgz",
      "integrity": "sha512-NjxjITIj04Ffqid5lqr7XdgwM7X61c/Dns073Ly170bPQHLm6jkmelye/eglS++1nfTWktpP6Y2bFXjdPlQqdw=="
    },
    "socksjs": {
      "version": "0.5.0",
      "resolved": "https://registry.npmjs.org/socksjs/-/socksjs-0.5.0.tgz",
      "integrity": "sha1-d7AF4y0b/JblYP7dXX7tzxIPh+M=",
      "requires": {
        "ipaddr.js": "0.1.3"
      }
    },
    "source-map": {
      "version": "0.6.1",
      "resolved": "https://registry.npmjs.org/source-map/-/source-map-0.6.1.tgz",
      "integrity": "sha512-UjgapumWlbMhkBgzT7Ykc5YXUT46F0iKu8SGXq0bcwP5dz/h0Plj6enJqjz1Zbq2l5WaqYnrVbwWOWMyF3F47g=="
    },
    "source-map-support": {
      "version": "0.5.9",
      "resolved": "https://registry.npmjs.org/source-map-support/-/source-map-support-0.5.9.tgz",
      "integrity": "sha512-gR6Rw4MvUlYy83vP0vxoVNzM6t8MUXqNuRsuBmBHQDu1Fh6X015FrLdgoDKcNdkwGubozq0P4N0Q37UyFVr1EA==",
      "requires": {
        "buffer-from": "1.1.1",
        "source-map": "0.6.1"
      }
    },
    "telegraf": {
      "version": "3.24.1",
      "resolved": "https://registry.npmjs.org/telegraf/-/telegraf-3.24.1.tgz",
      "integrity": "sha512-+beVzq+fZ+kDpIWKM+MzxqIfHDYqYvklmDYrO2Kz7JsZaMsBcRAP9rvbyu9hpgwqDLaa4jrrGRVScaWTOiraNg==",
      "requires": {
        "@types/node": "10.12.0",
        "debug": "4.1.0",
        "node-fetch": "2.2.0",
        "sandwich-stream": "1.0.0",
        "telegram-typings": "3.6.1"
      },
      "dependencies": {
        "@types/node": {
          "version": "10.12.0",
          "resolved": "https://registry.npmjs.org/@types/node/-/node-10.12.0.tgz",
          "integrity": "sha512-3TUHC3jsBAB7qVRGxT6lWyYo2v96BMmD2PTcl47H25Lu7UXtFH/2qqmKiVrnel6Ne//0TFYf6uvNX+HW2FRkLQ=="
        },
        "debug": {
          "version": "4.1.0",
          "resolved": "https://registry.npmjs.org/debug/-/debug-4.1.0.tgz",
          "integrity": "sha512-heNPJUJIqC+xB6ayLAMHaIrmN9HKa7aQO8MGqKpvCA+uJYVcvR6l5kgdrhRuwPFHU7P5/A1w0BjByPHwpfTDKg==",
          "requires": {
            "ms": "2.1.1"
          }
        },
        "telegram-typings": {
          "version": "3.6.1",
          "resolved": "https://registry.npmjs.org/telegram-typings/-/telegram-typings-3.6.1.tgz",
          "integrity": "sha512-njVv1EAhIZnmQVLocZEADYUyqA1WIXuVcDYlsp+mXua/XB0pxx+PKtMSPeZ/EE4wPWTw9h/hA9ASTT6yQelkiw=="
        }
      }
    },
    "telegram-typings": {
      "version": "4.0.0-beta",
      "resolved": "https://registry.npmjs.org/telegram-typings/-/telegram-typings-4.0.0-beta.tgz",
      "integrity": "sha512-p5rH6xmotS4wvzQr3z0EyyMNGOceaZ1poUienbRFPUHTHQv4W+n40vORRwuc1myZ41E633l2UGdXl2V9hjX7Dw=="
    },
    "tweetnacl": {
      "version": "1.0.0",
      "resolved": "https://registry.npmjs.org/tweetnacl/-/tweetnacl-1.0.0.tgz",
      "integrity": "sha1-cT2LgY2kIGh0C/aDhtBHnmb8ins="
    },
    "watchwithproxy": {
      "version": "1.0.0",
      "resolved": "https://registry.npmjs.org/watchwithproxy/-/watchwithproxy-1.0.0.tgz",
      "integrity": "sha1-/vuX9GnUQLdzpH465qrqlP7GrVo=",
      "requires": {
        "@types/node": "0.0.2"
      },
      "dependencies": {
        "@types/node": {
          "version": "0.0.2",
          "resolved": "http://registry.npmjs.org/@types/node/-/node-0.0.2.tgz",
          "integrity": "sha1-DaSTSQL79oqXoPUyBKNa0iJJF7w="
        }
      }
    },
    "ws": {
      "version": "4.1.0",
      "resolved": "http://registry.npmjs.org/ws/-/ws-4.1.0.tgz",
      "integrity": "sha512-ZGh/8kF9rrRNffkLFV4AzhvooEclrOH0xaugmqGsIfFgOE/pIz4fMc4Ef+5HSQqTEug2S9JZIWDR47duDSLfaA==",
      "requires": {
        "async-limiter": "1.0.0",
        "safe-buffer": "5.1.2"
      }
    }
  }
}
